// !$*UTF8*$!
{
	archiveVersion = 1;
	classes = {
	};
	objectVersion = 55;
	objects = {

/* Begin PBXBuildFile section */
		A948156126F8E91900804119 /* AppDelegate.swift in Sources */ = {isa = PBXBuildFile; fileRef = A948156026F8E91900804119 /* AppDelegate.swift */; };
		A948156326F8E91900804119 /* SceneDelegate.swift in Sources */ = {isa = PBXBuildFile; fileRef = A948156226F8E91900804119 /* SceneDelegate.swift */; };
		A948156826F8E91900804119 /* Main.storyboard in Resources */ = {isa = PBXBuildFile; fileRef = A948156626F8E91900804119 /* Main.storyboard */; };
		A948156A26F8E91E00804119 /* Assets.xcassets in Resources */ = {isa = PBXBuildFile; fileRef = A948156926F8E91E00804119 /* Assets.xcassets */; };
		A948156D26F8E91E00804119 /* LaunchScreen.storyboard in Resources */ = {isa = PBXBuildFile; fileRef = A948156B26F8E91E00804119 /* LaunchScreen.storyboard */; };
		A948157826F8E91F00804119 /* flixsterTests.swift in Sources */ = {isa = PBXBuildFile; fileRef = A948157726F8E91F00804119 /* flixsterTests.swift */; };
		A948158226F8E91F00804119 /* flixsterUITests.swift in Sources */ = {isa = PBXBuildFile; fileRef = A948158126F8E91F00804119 /* flixsterUITests.swift */; };
		A948158426F8E91F00804119 /* flixsterUITestsLaunchTests.swift in Sources */ = {isa = PBXBuildFile; fileRef = A948158326F8E91F00804119 /* flixsterUITestsLaunchTests.swift */; };
		A948159126F8EB6400804119 /* MoviesViewController.swift in Sources */ = {isa = PBXBuildFile; fileRef = A948159026F8EB6400804119 /* MoviesViewController.swift */; };
		A948159326FA369300804119 /* MovieCell.swift in Sources */ = {isa = PBXBuildFile; fileRef = A948159226FA369300804119 /* MovieCell.swift */; };
		A948159626FA962400804119 /* AlamofireImage in Frameworks */ = {isa = PBXBuildFile; productRef = A948159526FA962400804119 /* AlamofireImage */; };
		A948159A2703502700804119 /* MovieDetailsViewController.swift in Sources */ = {isa = PBXBuildFile; fileRef = A94815992703502700804119 /* MovieDetailsViewController.swift */; };
		A948159C2703595900804119 /* MovieGridViewController.swift in Sources */ = {isa = PBXBuildFile; fileRef = A948159B2703595900804119 /* MovieGridViewController.swift */; };
		A948159E2703676400804119 /* MovieGridCell.swift in Sources */ = {isa = PBXBuildFile; fileRef = A948159D2703676400804119 /* MovieGridCell.swift */; };
/* End PBXBuildFile section */

/* Begin PBXContainerItemProxy section */
		A948157426F8E91F00804119 /* PBXContainerItemProxy */ = {
			isa = PBXContainerItemProxy;
			containerPortal = A948155526F8E91800804119 /* Project object */;
			proxyType = 1;
			remoteGlobalIDString = A948155C26F8E91900804119;
			remoteInfo = flixster;
		};
		A948157E26F8E91F00804119 /* PBXContainerItemProxy */ = {
			isa = PBXContainerItemProxy;
			containerPortal = A948155526F8E91800804119 /* Project object */;
			proxyType = 1;
			remoteGlobalIDString = A948155C26F8E91900804119;
			remoteInfo = flixster;
		};
/* End PBXContainerItemProxy section */

/* Begin PBXFileReference section */
		A948155D26F8E91900804119 /* flixster.app */ = {isa = PBXFileReference; explicitFileType = wrapper.application; includeInIndex = 0; path = flixster.app; sourceTree = BUILT_PRODUCTS_DIR; };
		A948156026F8E91900804119 /* AppDelegate.swift */ = {isa = PBXFileReference; lastKnownFileType = sourcecode.swift; path = AppDelegate.swift; sourceTree = "<group>"; };
		A948156226F8E91900804119 /* SceneDelegate.swift */ = {isa = PBXFileReference; lastKnownFileType = sourcecode.swift; path = SceneDelegate.swift; sourceTree = "<group>"; };
		A948156726F8E91900804119 /* Base */ = {isa = PBXFileReference; lastKnownFileType = file.storyboard; name = Base; path = Base.lproj/Main.storyboard; sourceTree = "<group>"; };
		A948156926F8E91E00804119 /* Assets.xcassets */ = {isa = PBXFileReference; lastKnownFileType = folder.assetcatalog; path = Assets.xcassets; sourceTree = "<group>"; };
		A948156C26F8E91E00804119 /* Base */ = {isa = PBXFileReference; lastKnownFileType = file.storyboard; name = Base; path = Base.lproj/LaunchScreen.storyboard; sourceTree = "<group>"; };
		A948156E26F8E91E00804119 /* Info.plist */ = {isa = PBXFileReference; lastKnownFileType = text.plist.xml; path = Info.plist; sourceTree = "<group>"; };
		A948157326F8E91F00804119 /* flixsterTests.xctest */ = {isa = PBXFileReference; explicitFileType = wrapper.cfbundle; includeInIndex = 0; path = flixsterTests.xctest; sourceTree = BUILT_PRODUCTS_DIR; };
		A948157726F8E91F00804119 /* flixsterTests.swift */ = {isa = PBXFileReference; lastKnownFileType = sourcecode.swift; path = flixsterTests.swift; sourceTree = "<group>"; };
		A948157D26F8E91F00804119 /* flixsterUITests.xctest */ = {isa = PBXFileReference; explicitFileType = wrapper.cfbundle; includeInIndex = 0; path = flixsterUITests.xctest; sourceTree = BUILT_PRODUCTS_DIR; };
		A948158126F8E91F00804119 /* flixsterUITests.swift */ = {isa = PBXFileReference; lastKnownFileType = sourcecode.swift; path = flixsterUITests.swift; sourceTree = "<group>"; };
		A948158326F8E91F00804119 /* flixsterUITestsLaunchTests.swift */ = {isa = PBXFileReference; lastKnownFileType = sourcecode.swift; path = flixsterUITestsLaunchTests.swift; sourceTree = "<group>"; };
		A948159026F8EB6400804119 /* MoviesViewController.swift */ = {isa = PBXFileReference; lastKnownFileType = sourcecode.swift; path = MoviesViewController.swift; sourceTree = "<group>"; };
		A948159226FA369300804119 /* MovieCell.swift */ = {isa = PBXFileReference; lastKnownFileType = sourcecode.swift; path = MovieCell.swift; sourceTree = "<group>"; };
		A94815992703502700804119 /* MovieDetailsViewController.swift */ = {isa = PBXFileReference; lastKnownFileType = sourcecode.swift; path = MovieDetailsViewController.swift; sourceTree = "<group>"; };
		A948159B2703595900804119 /* MovieGridViewController.swift */ = {isa = PBXFileReference; lastKnownFileType = sourcecode.swift; path = MovieGridViewController.swift; sourceTree = "<group>"; };
		A948159D2703676400804119 /* MovieGridCell.swift */ = {isa = PBXFileReference; lastKnownFileType = sourcecode.swift; path = MovieGridCell.swift; sourceTree = "<group>"; };
/* End PBXFileReference section */

/* Begin PBXFrameworksBuildPhase section */
		A948155A26F8E91900804119 /* Frameworks */ = {
			isa = PBXFrameworksBuildPhase;
			buildActionMask = 2147483647;
			files = (
				A948159626FA962400804119 /* AlamofireImage in Frameworks */,
			);
			runOnlyForDeploymentPostprocessing = 0;
		};
		A948157026F8E91F00804119 /* Frameworks */ = {
			isa = PBXFrameworksBuildPhase;
			buildActionMask = 2147483647;
			files = (
			);
			runOnlyForDeploymentPostprocessing = 0;
		};
		A948157A26F8E91F00804119 /* Frameworks */ = {
			isa = PBXFrameworksBuildPhase;
			buildActionMask = 2147483647;
			files = (
			);
			runOnlyForDeploymentPostprocessing = 0;
		};
/* End PBXFrameworksBuildPhase section */

/* Begin PBXGroup section */
		A948155426F8E91800804119 = {
			isa = PBXGroup;
			children = (
				A948155F26F8E91900804119 /* flixster */,
				A948157626F8E91F00804119 /* flixsterTests */,
				A948158026F8E91F00804119 /* flixsterUITests */,
				A948155E26F8E91900804119 /* Products */,
			);
			sourceTree = "<group>";
		};
		A948155E26F8E91900804119 /* Products */ = {
			isa = PBXGroup;
			children = (
				A948155D26F8E91900804119 /* flixster.app */,
				A948157326F8E91F00804119 /* flixsterTests.xctest */,
				A948157D26F8E91F00804119 /* flixsterUITests.xctest */,
			);
			name = Products;
			sourceTree = "<group>";
		};
		A948155F26F8E91900804119 /* flixster */ = {
			isa = PBXGroup;
			children = (
				A948156026F8E91900804119 /* AppDelegate.swift */,
				A948156226F8E91900804119 /* SceneDelegate.swift */,
				A948156626F8E91900804119 /* Main.storyboard */,
				A948159226FA369300804119 /* MovieCell.swift */,
				A948156926F8E91E00804119 /* Assets.xcassets */,
				A948156B26F8E91E00804119 /* LaunchScreen.storyboard */,
				A948156E26F8E91E00804119 /* Info.plist */,
				A948159026F8EB6400804119 /* MoviesViewController.swift */,
				A94815992703502700804119 /* MovieDetailsViewController.swift */,
				A948159B2703595900804119 /* MovieGridViewController.swift */,
				A948159D2703676400804119 /* MovieGridCell.swift */,
			);
			path = flixster;
			sourceTree = "<group>";
		};
		A948157626F8E91F00804119 /* flixsterTests */ = {
			isa = PBXGroup;
			children = (
				A948157726F8E91F00804119 /* flixsterTests.swift */,
			);
			path = flixsterTests;
			sourceTree = "<group>";
		};
		A948158026F8E91F00804119 /* flixsterUITests */ = {
			isa = PBXGroup;
			children = (
				A948158126F8E91F00804119 /* flixsterUITests.swift */,
				A948158326F8E91F00804119 /* flixsterUITestsLaunchTests.swift */,
			);
			path = flixsterUITests;
			sourceTree = "<group>";
		};
/* End PBXGroup section */

/* Begin PBXNativeTarget section */
		A948155C26F8E91900804119 /* flixster */ = {
			isa = PBXNativeTarget;
			buildConfigurationList = A948158726F8E91F00804119 /* Build configuration list for PBXNativeTarget "flixster" */;
			buildPhases = (
				A948155926F8E91900804119 /* Sources */,
				A948155A26F8E91900804119 /* Frameworks */,
				A948155B26F8E91900804119 /* Resources */,
			);
			buildRules = (
			);
			dependencies = (
			);
			name = flixster;
			packageProductDependencies = (
				A948159526FA962400804119 /* AlamofireImage */,
			);
			productName = flixster;
			productReference = A948155D26F8E91900804119 /* flixster.app */;
			productType = "com.apple.product-type.application";
		};
		A948157226F8E91F00804119 /* flixsterTests */ = {
			isa = PBXNativeTarget;
			buildConfigurationList = A948158A26F8E91F00804119 /* Build configuration list for PBXNativeTarget "flixsterTests" */;
			buildPhases = (
				A948156F26F8E91F00804119 /* Sources */,
				A948157026F8E91F00804119 /* Frameworks */,
				A948157126F8E91F00804119 /* Resources */,
			);
			buildRules = (
			);
			dependencies = (
				A948157526F8E91F00804119 /* PBXTargetDependency */,
			);
			name = flixsterTests;
			productName = flixsterTests;
			productReference = A948157326F8E91F00804119 /* flixsterTests.xctest */;
			productType = "com.apple.product-type.bundle.unit-test";
		};
		A948157C26F8E91F00804119 /* flixsterUITests */ = {
			isa = PBXNativeTarget;
			buildConfigurationList = A948158D26F8E91F00804119 /* Build configuration list for PBXNativeTarget "flixsterUITests" */;
			buildPhases = (
				A948157926F8E91F00804119 /* Sources */,
				A948157A26F8E91F00804119 /* Frameworks */,
				A948157B26F8E91F00804119 /* Resources */,
			);
			buildRules = (
			);
			dependencies = (
				A948157F26F8E91F00804119 /* PBXTargetDependency */,
			);
			name = flixsterUITests;
			productName = flixsterUITests;
			productReference = A948157D26F8E91F00804119 /* flixsterUITests.xctest */;
			productType = "com.apple.product-type.bundle.ui-testing";
		};
/* End PBXNativeTarget section */

/* Begin PBXProject section */
		A948155526F8E91800804119 /* Project object */ = {
			isa = PBXProject;
			attributes = {
				BuildIndependentTargetsInParallel = 1;
				LastSwiftUpdateCheck = 1300;
				LastUpgradeCheck = 1300;
				TargetAttributes = {
					A948155C26F8E91900804119 = {
						CreatedOnToolsVersion = 13.0;
					};
					A948157226F8E91F00804119 = {
						CreatedOnToolsVersion = 13.0;
						TestTargetID = A948155C26F8E91900804119;
					};
					A948157C26F8E91F00804119 = {
						CreatedOnToolsVersion = 13.0;
						TestTargetID = A948155C26F8E91900804119;
					};
				};
			};
			buildConfigurationList = A948155826F8E91800804119 /* Build configuration list for PBXProject "flixster" */;
			compatibilityVersion = "Xcode 13.0";
			developmentRegion = en;
			hasScannedForEncodings = 0;
			knownRegions = (
				en,
				Base,
			);
			mainGroup = A948155426F8E91800804119;
			packageReferences = (
				A948159426FA962300804119 /* XCRemoteSwiftPackageReference "AlamofireImage" */,
			);
			productRefGroup = A948155E26F8E91900804119 /* Products */;
			projectDirPath = "";
			projectRoot = "";
			targets = (
				A948155C26F8E91900804119 /* flixster */,
				A948157226F8E91F00804119 /* flixsterTests */,
				A948157C26F8E91F00804119 /* flixsterUITests */,
			);
		};
/* End PBXProject section */

/* Begin PBXResourcesBuildPhase section */
		A948155B26F8E91900804119 /* Resources */ = {
			isa = PBXResourcesBuildPhase;
			buildActionMask = 2147483647;
			files = (
				A948156D26F8E91E00804119 /* LaunchScreen.storyboard in Resources */,
				A948156A26F8E91E00804119 /* Assets.xcassets in Resources */,
				A948156826F8E91900804119 /* Main.storyboard in Resources */,
			);
			runOnlyForDeploymentPostprocessing = 0;
		};
		A948157126F8E91F00804119 /* Resources */ = {
			isa = PBXResourcesBuildPhase;
			buildActionMask = 2147483647;
			files = (
			);
			runOnlyForDeploymentPostprocessing = 0;
		};
		A948157B26F8E91F00804119 /* Resources */ = {
			isa = PBXResourcesBuildPhase;
			buildActionMask = 2147483647;
			files = (
			);
			runOnlyForDeploymentPostprocessing = 0;
		};
/* End PBXResourcesBuildPhase section */

/* Begin PBXSourcesBuildPhase section */
		A948155926F8E91900804119 /* Sources */ = {
			isa = PBXSourcesBuildPhase;
			buildActionMask = 2147483647;
			files = (
				A948159A2703502700804119 /* MovieDetailsViewController.swift in Sources */,
				A948156126F8E91900804119 /* AppDelegate.swift in Sources */,
				A948156326F8E91900804119 /* SceneDelegate.swift in Sources */,
				A948159326FA369300804119 /* MovieCell.swift in Sources */,
				A948159126F8EB6400804119 /* MoviesViewController.swift in Sources */,
				A948159C2703595900804119 /* MovieGridViewController.swift in Sources */,
				A948159E2703676400804119 /* MovieGridCell.swift in Sources */,
			);
			runOnlyForDeploymentPostprocessing = 0;
		};
		A948156F26F8E91F00804119 /* Sources */ = {
			isa = PBXSourcesBuildPhase;
			buildActionMask = 2147483647;
			files = (
				A948157826F8E91F00804119 /* flixsterTests.swift in Sources */,
			);
			runOnlyForDeploymentPostprocessing = 0;
		};
		A948157926F8E91F00804119 /* Sources */ = {
			isa = PBXSourcesBuildPhase;
			buildActionMask = 2147483647;
			files = (
				A948158426F8E91F00804119 /* flixsterUITestsLaunchTests.swift in Sources */,
				A948158226F8E91F00804119 /* flixsterUITests.swift in Sources */,
			);
			runOnlyForDeploymentPostprocessing = 0;
		};
/* End PBXSourcesBuildPhase section */

/* Begin PBXTargetDependency section */
		A948157526F8E91F00804119 /* PBXTargetDependency */ = {
			isa = PBXTargetDependency;
			target = A948155C26F8E91900804119 /* flixster */;
			targetProxy = A948157426F8E91F00804119 /* PBXContainerItemProxy */;
		};
		A948157F26F8E91F00804119 /* PBXTargetDependency */ = {
			isa = PBXTargetDependency;
			target = A948155C26F8E91900804119 /* flixster */;
			targetProxy = A948157E26F8E91F00804119 /* PBXContainerItemProxy */;
		};
/* End PBXTargetDependency section */

/* Begin PBXVariantGroup section */
		A948156626F8E91900804119 /* Main.storyboard */ = {
			isa = PBXVariantGroup;
			children = (
				A948156726F8E91900804119 /* Base */,
			);
			name = Main.storyboard;
			sourceTree = "<group>";
		};
		A948156B26F8E91E00804119 /* LaunchScreen.storyboard */ = {
			isa = PBXVariantGroup;
			children = (
				A948156C26F8E91E00804119 /* Base */,
			);
			name = LaunchScreen.storyboard;
			sourceTree = "<group>";
		};
/* End PBXVariantGroup section */

/* Begin XCBuildConfiguration section */
		A948158526F8E91F00804119 /* Debug */ = {
			isa = XCBuildConfiguration;
			buildSettings = {
				ALWAYS_SEARCH_USER_PATHS = NO;
				CLANG_ANALYZER_NONNULL = YES;
				CLANG_ANALYZER_NUMBER_OBJECT_CONVERSION = YES_AGGRESSIVE;
				CLANG_CXX_LANGUAGE_STANDARD = "gnu++17";
				CLANG_CXX_LIBRARY = "libc++";
				CLANG_ENABLE_MODULES = YES;
				CLANG_ENABLE_OBJC_ARC = YES;
				CLANG_ENABLE_OBJC_WEAK = YES;
				CLANG_WARN_BLOCK_CAPTURE_AUTORELEASING = YES;
				CLANG_WARN_BOOL_CONVERSION = YES;
				CLANG_WARN_COMMA = YES;
				CLANG_WARN_CONSTANT_CONVERSION = YES;
				CLANG_WARN_DEPRECATED_OBJC_IMPLEMENTATIONS = YES;
				CLANG_WARN_DIRECT_OBJC_ISA_USAGE = YES_ERROR;
				CLANG_WARN_DOCUMENTATION_COMMENTS = YES;
				CLANG_WARN_EMPTY_BODY = YES;
				CLANG_WARN_ENUM_CONVERSION = YES;
				CLANG_WARN_INFINITE_RECURSION = YES;
				CLANG_WARN_INT_CONVERSION = YES;
				CLANG_WARN_NON_LITERAL_NULL_CONVERSION = YES;
				CLANG_WARN_OBJC_IMPLICIT_RETAIN_SELF = YES;
				CLANG_WARN_OBJC_LITERAL_CONVERSION = YES;
				CLANG_WARN_OBJC_ROOT_CLASS = YES_ERROR;
				CLANG_WARN_QUOTED_INCLUDE_IN_FRAMEWORK_HEADER = YES;
				CLANG_WARN_RANGE_LOOP_ANALYSIS = YES;
				CLANG_WARN_STRICT_PROTOTYPES = YES;
				CLANG_WARN_SUSPICIOUS_MOVE = YES;
				CLANG_WARN_UNGUARDED_AVAILABILITY = YES_AGGRESSIVE;
				CLANG_WARN_UNREACHABLE_CODE = YES;
				CLANG_WARN__DUPLICATE_METHOD_MATCH = YES;
				COPY_PHASE_STRIP = NO;
				DEBUG_INFORMATION_FORMAT = dwarf;
				ENABLE_STRICT_OBJC_MSGSEND = YES;
				ENABLE_TESTABILITY = YES;
				GCC_C_LANGUAGE_STANDARD = gnu11;
				GCC_DYNAMIC_NO_PIC = NO;
				GCC_NO_COMMON_BLOCKS = YES;
				GCC_OPTIMIZATION_LEVEL = 0;
				GCC_PREPROCESSOR_DEFINITIONS = (
					"DEBUG=1",
					"$(inherited)",
				);
				GCC_WARN_64_TO_32_BIT_CONVERSION = YES;
				GCC_WARN_ABOUT_RETURN_TYPE = YES_ERROR;
				GCC_WARN_UNDECLARED_SELECTOR = YES;
				GCC_WARN_UNINITIALIZED_AUTOS = YES_AGGRESSIVE;
				GCC_WARN_UNUSED_FUNCTION = YES;
				GCC_WARN_UNUSED_VARIABLE = YES;
				IPHONEOS_DEPLOYMENT_TARGET = 15.0;
				MTL_ENABLE_DEBUG_INFO = INCLUDE_SOURCE;
				MTL_FAST_MATH = YES;
				ONLY_ACTIVE_ARCH = YES;
				SDKROOT = iphoneos;
				SWIFT_ACTIVE_COMPILATION_CONDITIONS = DEBUG;
				SWIFT_OPTIMIZATION_LEVEL = "-Onone";
			};
			name = Debug;
		};
		A948158626F8E91F00804119 /* Release */ = {
			isa = XCBuildConfiguration;
			buildSettings = {
				ALWAYS_SEARCH_USER_PATHS = NO;
				CLANG_ANALYZER_NONNULL = YES;
				CLANG_ANALYZER_NUMBER_OBJECT_CONVERSION = YES_AGGRESSIVE;
				CLANG_CXX_LANGUAGE_STANDARD = "gnu++17";
				CLANG_CXX_LIBRARY = "libc++";
				CLANG_ENABLE_MODULES = YES;
				CLANG_ENABLE_OBJC_ARC = YES;
				CLANG_ENABLE_OBJC_WEAK = YES;
				CLANG_WARN_BLOCK_CAPTURE_AUTORELEASING = YES;
				CLANG_WARN_BOOL_CONVERSION = YES;
				CLANG_WARN_COMMA = YES;
				CLANG_WARN_CONSTANT_CONVERSION = YES;
				CLANG_WARN_DEPRECATED_OBJC_IMPLEMENTATIONS = YES;
				CLANG_WARN_DIRECT_OBJC_ISA_USAGE = YES_ERROR;
				CLANG_WARN_DOCUMENTATION_COMMENTS = YES;
				CLANG_WARN_EMPTY_BODY = YES;
				CLANG_WARN_ENUM_CONVERSION = YES;
				CLANG_WARN_INFINITE_RECURSION = YES;
				CLANG_WARN_INT_CONVERSION = YES;
				CLANG_WARN_NON_LITERAL_NULL_CONVERSION = YES;
				CLANG_WARN_OBJC_IMPLICIT_RETAIN_SELF = YES;
				CLANG_WARN_OBJC_LITERAL_CONVERSION = YES;
				CLANG_WARN_OBJC_ROOT_CLASS = YES_ERROR;
				CLANG_WARN_QUOTED_INCLUDE_IN_FRAMEWORK_HEADER = YES;
				CLANG_WARN_RANGE_LOOP_ANALYSIS = YES;
				CLANG_WARN_STRICT_PROTOTYPES = YES;
				CLANG_WARN_SUSPICIOUS_MOVE = YES;
				CLANG_WARN_UNGUARDED_AVAILABILITY = YES_AGGRESSIVE;
				CLANG_WARN_UNREACHABLE_CODE = YES;
				CLANG_WARN__DUPLICATE_METHOD_MATCH = YES;
				COPY_PHASE_STRIP = NO;
				DEBUG_INFORMATION_FORMAT = "dwarf-with-dsym";
				ENABLE_NS_ASSERTIONS = NO;
				ENABLE_STRICT_OBJC_MSGSEND = YES;
				GCC_C_LANGUAGE_STANDARD = gnu11;
				GCC_NO_COMMON_BLOCKS = YES;
				GCC_WARN_64_TO_32_BIT_CONVERSION = YES;
				GCC_WARN_ABOUT_RETURN_TYPE = YES_ERROR;
				GCC_WARN_UNDECLARED_SELECTOR = YES;
				GCC_WARN_UNINITIALIZED_AUTOS = YES_AGGRESSIVE;
				GCC_WARN_UNUSED_FUNCTION = YES;
				GCC_WARN_UNUSED_VARIABLE = YES;
				IPHONEOS_DEPLOYMENT_TARGET = 15.0;
				MTL_ENABLE_DEBUG_INFO = NO;
				MTL_FAST_MATH = YES;
				SDKROOT = iphoneos;
				SWIFT_COMPILATION_MODE = wholemodule;
				SWIFT_OPTIMIZATION_LEVEL = "-O";
				VALIDATE_PRODUCT = YES;
			};
			name = Release;
		};
		A948158826F8E91F00804119 /* Debug */ = {
			isa = XCBuildConfiguration;
			buildSettings = {
				ASSETCATALOG_COMPILER_APPICON_NAME = AppIcon;
				ASSETCATALOG_COMPILER_GLOBAL_ACCENT_COLOR_NAME = AccentColor;
				CODE_SIGN_STYLE = Automatic;
				CURRENT_PROJECT_VERSION = 1;
				DEVELOPMENT_TEAM = 8F2Y93T63X;
				GENERATE_INFOPLIST_FILE = YES;
				INFOPLIST_FILE = flixster/Info.plist;
				INFOPLIST_KEY_UIApplicationSupportsIndirectInputEvents = YES;
				INFOPLIST_KEY_UILaunchStoryboardName = LaunchScreen;
				INFOPLIST_KEY_UIMainStoryboardFile = Main;
				INFOPLIST_KEY_UISupportedInterfaceOrientations_iPad = "UIInterfaceOrientationPortrait UIInterfaceOrientationPortraitUpsideDown UIInterfaceOrientationLandscapeLeft UIInterfaceOrientationLandscapeRight";
				INFOPLIST_KEY_UISupportedInterfaceOrientations_iPhone = "UIInterfaceOrientationPortrait UIInterfaceOrientationLandscapeLeft UIInterfaceOrientationLandscapeRight";
				LD_RUNPATH_SEARCH_PATHS = (
					"$(inherited)",
					"@executable_path/Frameworks",
				);
				MARKETING_VERSION = 1.0;
				PRODUCT_BUNDLE_IDENTIFIER = jahenner.flixster;
				PRODUCT_NAME = "$(TARGET_NAME)";
				SWIFT_EMIT_LOC_STRINGS = YES;
				SWIFT_VERSION = 5.0;
				TARGETED_DEVICE_FAMILY = "1,2";
			};
			name = Debug;
		};
		A948158926F8E91F00804119 /* Release */ = {
			isa = XCBuildConfiguration;
			buildSettings = {
				ASSETCATALOG_COMPILER_APPICON_NAME = AppIcon;
				ASSETCATALOG_COMPILER_GLOBAL_ACCENT_COLOR_NAME = AccentColor;
				CODE_SIGN_STYLE = Automatic;
				CURRENT_PROJECT_VERSION = 1;
				DEVELOPMENT_TEAM = 8F2Y93T63X;
				GENERATE_INFOPLIST_FILE = YES;
				INFOPLIST_FILE = flixster/Info.plist;
				INFOPLIST_KEY_UIApplicationSupportsIndirectInputEvents = YES;
				INFOPLIST_KEY_UILaunchStoryboardName = LaunchScreen;
				INFOPLIST_KEY_UIMainStoryboardFile = Main;
				INFOPLIST_KEY_UISupportedInterfaceOrientations_iPad = "UIInterfaceOrientationPortrait UIInterfaceOrientationPortraitUpsideDown UIInterfaceOrientationLandscapeLeft UIInterfaceOrientationLandscapeRight";
				INFOPLIST_KEY_UISupportedInterfaceOrientations_iPhone = "UIInterfaceOrientationPortrait UIInterfaceOrientationLandscapeLeft UIInterfaceOrientationLandscapeRight";
				LD_RUNPATH_SEARCH_PATHS = (
					"$(inherited)",
					"@executable_path/Frameworks",
				);
				MARKETING_VERSION = 1.0;
				PRODUCT_BUNDLE_IDENTIFIER = jahenner.flixster;
				PRODUCT_NAME = "$(TARGET_NAME)";
				SWIFT_EMIT_LOC_STRINGS = YES;
				SWIFT_VERSION = 5.0;
				TARGETED_DEVICE_FAMILY = "1,2";
			};
			name = Release;
		};
		A948158B26F8E91F00804119 /* Debug */ = {
			isa = XCBuildConfiguration;
			buildSettings = {
				ALWAYS_EMBED_SWIFT_STANDARD_LIBRARIES = YES;
				BUNDLE_LOADER = "$(TEST_HOST)";
				CODE_SIGN_STYLE = Automatic;
				CURRENT_PROJECT_VERSION = 1;
				DEVELOPMENT_TEAM = 8F2Y93T63X;
				GENERATE_INFOPLIST_FILE = YES;
				IPHONEOS_DEPLOYMENT_TARGET = 15.0;
				LD_RUNPATH_SEARCH_PATHS = (
					"$(inherited)",
					"@executable_path/Frameworks",
					"@loader_path/Frameworks",
				);
				MARKETING_VERSION = 1.0;
				PRODUCT_BUNDLE_IDENTIFIER = jahenner.flixsterTests;
				PRODUCT_NAME = "$(TARGET_NAME)";
				SWIFT_EMIT_LOC_STRINGS = NO;
				SWIFT_VERSION = 5.0;
				TARGETED_DEVICE_FAMILY = "1,2";
				TEST_HOST = "$(BUILT_PRODUCTS_DIR)/flixster.app/flixster";
			};
			name = Debug;
		};
		A948158C26F8E91F00804119 /* Release */ = {
			isa = XCBuildConfiguration;
			buildSettings = {
				ALWAYS_EMBED_SWIFT_STANDARD_LIBRARIES = YES;
				BUNDLE_LOADER = "$(TEST_HOST)";
				CODE_SIGN_STYLE = Automatic;
				CURRENT_PROJECT_VERSION = 1;
				DEVELOPMENT_TEAM = 8F2Y93T63X;
				GENERATE_INFOPLIST_FILE = YES;
				IPHONEOS_DEPLOYMENT_TARGET = 15.0;
				LD_RUNPATH_SEARCH_PATHS = (
					"$(inherited)",
					"@executable_path/Frameworks",
					"@loader_path/Frameworks",
				);
				MARKETING_VERSION = 1.0;
				PRODUCT_BUNDLE_IDENTIFIER = jahenner.flixsterTests;
				PRODUCT_NAME = "$(TARGET_NAME)";
				SWIFT_EMIT_LOC_STRINGS = NO;
				SWIFT_VERSION = 5.0;
				TARGETED_DEVICE_FAMILY = "1,2";
				TEST_HOST = "$(BUILT_PRODUCTS_DIR)/flixster.app/flixster";
			};
			name = Release;
		};
		A948158E26F8E91F00804119 /* Debug */ = {
			isa = XCBuildConfiguration;
			buildSettings = {
				ALWAYS_EMBED_SWIFT_STANDARD_LIBRARIES = YES;
				CODE_SIGN_STYLE = Automatic;
				CURRENT_PROJECT_VERSION = 1;
				DEVELOPMENT_TEAM = 8F2Y93T63X;
				GENERATE_INFOPLIST_FILE = YES;
				LD_RUNPATH_SEARCH_PATHS = (
					"$(inherited)",
					"@executable_path/Frameworks",
					"@loader_path/Frameworks",
				);
				MARKETING_VERSION = 1.0;
				PRODUCT_BUNDLE_IDENTIFIER = jahenner.flixsterUITests;
				PRODUCT_NAME = "$(TARGET_NAME)";
				SWIFT_EMIT_LOC_STRINGS = NO;
				SWIFT_VERSION = 5.0;
				TARGETED_DEVICE_FAMILY = "1,2";
				TEST_TARGET_NAME = flixster;
			};
			name = Debug;
		};
		A948158F26F8E91F00804119 /* Release */ = {
			isa = XCBuildConfiguration;
			buildSettings = {
				ALWAYS_EMBED_SWIFT_STANDARD_LIBRARIES = YES;
				CODE_SIGN_STYLE = Automatic;
				CURRENT_PROJECT_VERSION = 1;
				DEVELOPMENT_TEAM = 8F2Y93T63X;
				GENERATE_INFOPLIST_FILE = YES;
				LD_RUNPATH_SEARCH_PATHS = (
					"$(inherited)",
					"@executable_path/Frameworks",
					"@loader_path/Frameworks",
				);
				MARKETING_VERSION = 1.0;
				PRODUCT_BUNDLE_IDENTIFIER = jahenner.flixsterUITests;
				PRODUCT_NAME = "$(TARGET_NAME)";
				SWIFT_EMIT_LOC_STRINGS = NO;
				SWIFT_VERSION = 5.0;
				TARGETED_DEVICE_FAMILY = "1,2";
				TEST_TARGET_NAME = flixster;
			};
			name = Release;
		};
/* End XCBuildConfiguration section */

/* Begin XCConfigurationList section */
		A948155826F8E91800804119 /* Build configuration list for PBXProject "flixster" */ = {
			isa = XCConfigurationList;
			buildConfigurations = (
				A948158526F8E91F00804119 /* Debug */,
				A948158626F8E91F00804119 /* Release */,
			);
			defaultConfigurationIsVisible = 0;
			defaultConfigurationName = Release;
		};
		A948158726F8E91F00804119 /* Build configuration list for PBXNativeTarget "flixster" */ = {
			isa = XCConfigurationList;
			buildConfigurations = (
				A948158826F8E91F00804119 /* Debug */,
				A948158926F8E91F00804119 /* Release */,
			);
			defaultConfigurationIsVisible = 0;
			defaultConfigurationName = Release;
		};
		A948158A26F8E91F00804119 /* Build configuration list for PBXNativeTarget "flixsterTests" */ = {
			isa = XCConfigurationList;
			buildConfigurations = (
				A948158B26F8E91F00804119 /* Debug */,
				A948158C26F8E91F00804119 /* Release */,
			);
			defaultConfigurationIsVisible = 0;
			defaultConfigurationName = Release;
		};
		A948158D26F8E91F00804119 /* Build configuration list for PBXNativeTarget "flixsterUITests" */ = {
			isa = XCConfigurationList;
			buildConfigurations = (
				A948158E26F8E91F00804119 /* Debug */,
				A948158F26F8E91F00804119 /* Release */,
			);
			defaultConfigurationIsVisible = 0;
			defaultConfigurationName = Release;
		};
/* End XCConfigurationList section */

/* Begin XCRemoteSwiftPackageReference section */
		A948159426FA962300804119 /* XCRemoteSwiftPackageReference "AlamofireImage" */ = {
			isa = XCRemoteSwiftPackageReference;
			repositoryURL = "https://github.com/Alamofire/AlamofireImage";
			requirement = {
				kind = upToNextMajorVersion;
				minimumVersion = 4.0.0;
			};
		};
/* End XCRemoteSwiftPackageReference section */

/* Begin XCSwiftPackageProductDependency section */
		A948159526FA962400804119 /* AlamofireImage */ = {
			isa = XCSwiftPackageProductDependency;
			package = A948159426FA962300804119 /* XCRemoteSwiftPackageReference "AlamofireImage" */;
			productName = AlamofireImage;
		};
/* End XCSwiftPackageProductDependency section */
	};
	rootObject = A948155526F8E91800804119 /* Project object */;
}
